
Microsoft Visual Studio Solution File, Format Version 12.00
Project("{2150E333-8FDC-42A3-9474-1A3956D46DE8}") = "01_FrontEnd", "01_FrontEnd", "{CEC1F105-BEAA-4B98-A957-A15AEE4D1FCD}"
EndProject
Project("{2150E333-8FDC-42A3-9474-1A3956D46DE8}") = "02_BackEnd", "02_BackEnd", "{7D1835F6-30F9-4253-AA22-5CD961FD76AD}"
EndProject
Project("{2150E333-8FDC-42A3-9474-1A3956D46DE8}") = "01_01_WebUI", "01_01_WebUI", "{3AA0DDAA-564D-47A7-A575-AE8AF34FB979}"
EndProject
Project("{2150E333-8FDC-42A3-9474-1A3956D46DE8}") = "01_02_Api", "01_02_Api", "{E88C33EC-2395-4570-8B94-0E6008D09865}"
EndProject
Project("{2150E333-8FDC-42A3-9474-1A3956D46DE8}") = "01_03_ConsoleApp", "01_03_ConsoleApp", "{DF6506EC-D581-42F6-BC4C-367050845F87}"
EndProject
Project("{2150E333-8FDC-42A3-9474-1A3956D46DE8}") = "02_01_Application", "02_01_Application", "{2C02926C-6E09-46E8-9292-221B55F515AE}"
EndProject
Project("{2150E333-8FDC-42A3-9474-1A3956D46DE8}") = "02_02_Domain", "02_02_Domain", "{4A50A907-D342-4C9F-B3B7-AF076B3C66B4}"
EndProject
Project("{2150E333-8FDC-42A3-9474-1A3956D46DE8}") = "02_03_Infra", "02_03_Infra", "{C70FCAA5-F252-40AC-9FDE-49AF688D2E8D}"
EndProject
Project("{2150E333-8FDC-42A3-9474-1A3956D46DE8}") = "02_05_CrossCutting_IoC", "02_05_CrossCutting_IoC", "{85267D35-457F-41DA-B28B-17F6AF68C57D}"
EndProject
Project("{2150E333-8FDC-42A3-9474-1A3956D46DE8}") = "02_06_CrossCutting_Helpers", "02_06_CrossCutting_Helpers", "{DAA00AFD-F3F3-475E-AD90-E8A7C09E2725}"
EndProject
Project("{2150E333-8FDC-42A3-9474-1A3956D46DE8}") = "02_04_CrossCutting_Uow", "02_04_CrossCutting_Uow", "{A91660C4-2B75-41E7-9802-94F0A2DBF7E0}"
EndProject
Project("{FAE04EC0-301F-11D3-BF4B-00C04F79EFBC}") = "MyCarOffice.Application", "MyCarOffice.Application\MyCarOffice.Application.csproj", "{9ADABBBE-C63D-48B4-8CDD-A8EDB568C225}"
EndProject
Project("{FAE04EC0-301F-11D3-BF4B-00C04F79EFBC}") = "MyCarOffice.Domain", "MyCarOffice.Domain\MyCarOffice.Domain.csproj", "{9BAC62F4-FC15-4D8B-8DA8-1CFF5D464F3A}"
EndProject
Project("{FAE04EC0-301F-11D3-BF4B-00C04F79EFBC}") = "MyCarOffice.Infra", "MyCarOffice.Infra\MyCarOffice.Infra.csproj", "{9F4E42AE-065F-4CDF-AC02-EF09B1FF7285}"
EndProject
Project("{FAE04EC0-301F-11D3-BF4B-00C04F79EFBC}") = "MyCarOffice.Uow", "MyCarOffice.Uow\MyCarOffice.Uow.csproj", "{14455A69-36A5-41DF-889C-BF208179F30C}"
EndProject
Project("{FAE04EC0-301F-11D3-BF4B-00C04F79EFBC}") = "MyCarOffice.IoC", "MyCarOffice.IoC\MyCarOffice.IoC.csproj", "{F4586ED2-D565-4EEE-AB83-C7E9370C57A2}"
EndProject
Project("{FAE04EC0-301F-11D3-BF4B-00C04F79EFBC}") = "MyCarOffice.Helpers", "MyCarOffice.Helpers\MyCarOffice.Helpers.csproj", "{E0C71D32-BDE1-495D-8E32-C35DE3C05418}"
EndProject
Project("{FAE04EC0-301F-11D3-BF4B-00C04F79EFBC}") = "MyCarOffice.WebUi", "MyCarOffice.WebUi\MyCarOffice.WebUi.csproj", "{16DE8CAF-268E-4A5F-9EB8-6DC1254A6FC3}"
EndProject
Project("{FAE04EC0-301F-11D3-BF4B-00C04F79EFBC}") = "MyCarOffice.Api", "MyCarOffice.Api\MyCarOffice.Api.csproj", "{FD2F5715-5BF3-42AC-B35A-A526A87A82AB}"
EndProject
Project("{FAE04EC0-301F-11D3-BF4B-00C04F79EFBC}") = "MyCarOffice.Console", "MyCarOffice.Console\MyCarOffice.Console.csproj", "{6B3C8E0A-E2E1-4F2B-9027-59AC28407044}"
EndProject
Global
	GlobalSection(SolutionConfigurationPlatforms) = preSolution
		Debug|Any CPU = Debug|Any CPU
		Release|Any CPU = Release|Any CPU
	EndGlobalSection
	GlobalSection(NestedProjects) = preSolution
		{3AA0DDAA-564D-47A7-A575-AE8AF34FB979} = {CEC1F105-BEAA-4B98-A957-A15AEE4D1FCD}
		{E88C33EC-2395-4570-8B94-0E6008D09865} = {CEC1F105-BEAA-4B98-A957-A15AEE4D1FCD}
		{DF6506EC-D581-42F6-BC4C-367050845F87} = {CEC1F105-BEAA-4B98-A957-A15AEE4D1FCD}
		{2C02926C-6E09-46E8-9292-221B55F515AE} = {7D1835F6-30F9-4253-AA22-5CD961FD76AD}
		{4A50A907-D342-4C9F-B3B7-AF076B3C66B4} = {7D1835F6-30F9-4253-AA22-5CD961FD76AD}
		{C70FCAA5-F252-40AC-9FDE-49AF688D2E8D} = {7D1835F6-30F9-4253-AA22-5CD961FD76AD}
		{85267D35-457F-41DA-B28B-17F6AF68C57D} = {7D1835F6-30F9-4253-AA22-5CD961FD76AD}
		{DAA00AFD-F3F3-475E-AD90-E8A7C09E2725} = {7D1835F6-30F9-4253-AA22-5CD961FD76AD}
		{A91660C4-2B75-41E7-9802-94F0A2DBF7E0} = {7D1835F6-30F9-4253-AA22-5CD961FD76AD}
		{9ADABBBE-C63D-48B4-8CDD-A8EDB568C225} = {2C02926C-6E09-46E8-9292-221B55F515AE}
		{9BAC62F4-FC15-4D8B-8DA8-1CFF5D464F3A} = {4A50A907-D342-4C9F-B3B7-AF076B3C66B4}
		{9F4E42AE-065F-4CDF-AC02-EF09B1FF7285} = {C70FCAA5-F252-40AC-9FDE-49AF688D2E8D}
		{14455A69-36A5-41DF-889C-BF208179F30C} = {A91660C4-2B75-41E7-9802-94F0A2DBF7E0}
		{F4586ED2-D565-4EEE-AB83-C7E9370C57A2} = {85267D35-457F-41DA-B28B-17F6AF68C57D}
		{E0C71D32-BDE1-495D-8E32-C35DE3C05418} = {DAA00AFD-F3F3-475E-AD90-E8A7C09E2725}
		{16DE8CAF-268E-4A5F-9EB8-6DC1254A6FC3} = {3AA0DDAA-564D-47A7-A575-AE8AF34FB979}
		{FD2F5715-5BF3-42AC-B35A-A526A87A82AB} = {E88C33EC-2395-4570-8B94-0E6008D09865}
		{6B3C8E0A-E2E1-4F2B-9027-59AC28407044} = {DF6506EC-D581-42F6-BC4C-367050845F87}
	EndGlobalSection
	GlobalSection(ProjectConfigurationPlatforms) = postSolution
		{9ADABBBE-C63D-48B4-8CDD-A8EDB568C225}.Debug|Any CPU.ActiveCfg = Debug|Any CPU
		{9ADABBBE-C63D-48B4-8CDD-A8EDB568C225}.Debug|Any CPU.Build.0 = Debug|Any CPU
		{9ADABBBE-C63D-48B4-8CDD-A8EDB568C225}.Release|Any CPU.ActiveCfg = Release|Any CPU
		{9ADABBBE-C63D-48B4-8CDD-A8EDB568C225}.Release|Any CPU.Build.0 = Release|Any CPU
		{9BAC62F4-FC15-4D8B-8DA8-1CFF5D464F3A}.Debug|Any CPU.ActiveCfg = Debug|Any CPU
		{9BAC62F4-FC15-4D8B-8DA8-1CFF5D464F3A}.Debug|Any CPU.Build.0 = Debug|Any CPU
		{9BAC62F4-FC15-4D8B-8DA8-1CFF5D464F3A}.Release|Any CPU.ActiveCfg = Release|Any CPU
		{9BAC62F4-FC15-4D8B-8DA8-1CFF5D464F3A}.Release|Any CPU.Build.0 = Release|Any CPU
		{9F4E42AE-065F-4CDF-AC02-EF09B1FF7285}.Debug|Any CPU.ActiveCfg = Debug|Any CPU
		{9F4E42AE-065F-4CDF-AC02-EF09B1FF7285}.Debug|Any CPU.Build.0 = Debug|Any CPU
		{9F4E42AE-065F-4CDF-AC02-EF09B1FF7285}.Release|Any CPU.ActiveCfg = Release|Any CPU
		{9F4E42AE-065F-4CDF-AC02-EF09B1FF7285}.Release|Any CPU.Build.0 = Release|Any CPU
		{14455A69-36A5-41DF-889C-BF208179F30C}.Debug|Any CPU.ActiveCfg = Debug|Any CPU
		{14455A69-36A5-41DF-889C-BF208179F30C}.Debug|Any CPU.Build.0 = Debug|Any CPU
		{14455A69-36A5-41DF-889C-BF208179F30C}.Release|Any CPU.ActiveCfg = Release|Any CPU
		{14455A69-36A5-41DF-889C-BF208179F30C}.Release|Any CPU.Build.0 = Release|Any CPU
		{F4586ED2-D565-4EEE-AB83-C7E9370C57A2}.Debug|Any CPU.ActiveCfg = Debug|Any CPU
		{F4586ED2-D565-4EEE-AB83-C7E9370C57A2}.Debug|Any CPU.Build.0 = Debug|Any CPU
		{F4586ED2-D565-4EEE-AB83-C7E9370C57A2}.Release|Any CPU.ActiveCfg = Release|Any CPU
		{F4586ED2-D565-4EEE-AB83-C7E9370C57A2}.Release|Any CPU.Build.0 = Release|Any CPU
		{E0C71D32-BDE1-495D-8E32-C35DE3C05418}.Debug|Any CPU.ActiveCfg = Debug|Any CPU
		{E0C71D32-BDE1-495D-8E32-C35DE3C05418}.Debug|Any CPU.Build.0 = Debug|Any CPU
		{E0C71D32-BDE1-495D-8E32-C35DE3C05418}.Release|Any CPU.ActiveCfg = Release|Any CPU
		{E0C71D32-BDE1-495D-8E32-C35DE3C05418}.Release|Any CPU.Build.0 = Release|Any CPU
		{16DE8CAF-268E-4A5F-9EB8-6DC1254A6FC3}.Debug|Any CPU.ActiveCfg = Debug|Any CPU
		{16DE8CAF-268E-4A5F-9EB8-6DC1254A6FC3}.Debug|Any CPU.Build.0 = Debug|Any CPU
		{16DE8CAF-268E-4A5F-9EB8-6DC1254A6FC3}.Release|Any CPU.ActiveCfg = Release|Any CPU
		{16DE8CAF-268E-4A5F-9EB8-6DC1254A6FC3}.Release|Any CPU.Build.0 = Release|Any CPU
		{FD2F5715-5BF3-42AC-B35A-A526A87A82AB}.Debug|Any CPU.ActiveCfg = Debug|Any CPU
		{FD2F5715-5BF3-42AC-B35A-A526A87A82AB}.Debug|Any CPU.Build.0 = Debug|Any CPU
		{FD2F5715-5BF3-42AC-B35A-A526A87A82AB}.Release|Any CPU.ActiveCfg = Release|Any CPU
		{FD2F5715-5BF3-42AC-B35A-A526A87A82AB}.Release|Any CPU.Build.0 = Release|Any CPU
		{6B3C8E0A-E2E1-4F2B-9027-59AC28407044}.Debug|Any CPU.ActiveCfg = Debug|Any CPU
		{6B3C8E0A-E2E1-4F2B-9027-59AC28407044}.Debug|Any CPU.Build.0 = Debug|Any CPU
		{6B3C8E0A-E2E1-4F2B-9027-59AC28407044}.Release|Any CPU.ActiveCfg = Release|Any CPU
		{6B3C8E0A-E2E1-4F2B-9027-59AC28407044}.Release|Any CPU.Build.0 = Release|Any CPU
	EndGlobalSection
EndGlobal
